
Microsoft Visual Studio Solution File, Format Version 12.00
# Visual Studio 15
VisualStudioVersion = 15.0.28307.271
MinimumVisualStudioVersion = 10.0.40219.1
Project("{FAE04EC0-301F-11D3-BF4B-00C04F79EFBC}") = "Blue1", "Blue1\Blue1.csproj", "{5D3AF9BF-A150-4805-B73D-81C869DC460F}"
EndProject
Project("{FAE04EC0-301F-11D3-BF4B-00C04F79EFBC}") = "BluetoothEx", "BluetoothEx\BluetoothEx.csproj", "{7BFF46CC-C3B0-41DF-B276-42C35D0324A5}"
EndProject
Global
	GlobalSection(SolutionConfigurationPlatforms) = preSolution
		Debug|Any CPU = Debug|Any CPU
		Release|Any CPU = Release|Any CPU
	EndGlobalSection
	GlobalSection(ProjectConfigurationPlatforms) = postSolution
		{5D3AF9BF-A150-4805-B73D-81C869DC460F}.Debug|Any CPU.ActiveCfg = Debug|Any CPU
		{5D3AF9BF-A150-4805-B73D-81C869DC460F}.Debug|Any CPU.Build.0 = Debug|Any CPU
		{5D3AF9BF-A150-4805-B73D-81C869DC460F}.Release|Any CPU.ActiveCfg = Release|Any CPU
		{5D3AF9BF-A150-4805-B73D-81C869DC460F}.Release|Any CPU.Build.0 = Release|Any CPU
		{7BFF46CC-C3B0-41DF-B276-42C35D0324A5}.Debug|Any CPU.ActiveCfg = Debug|Any CPU
		{7BFF46CC-C3B0-41DF-B276-42C35D0324A5}.Debug|Any CPU.Build.0 = Debug|Any CPU
		{7BFF46CC-C3B0-41DF-B276-42C35D0324A5}.Release|Any CPU.ActiveCfg = Release|Any CPU
		{7BFF46CC-C3B0-41DF-B276-42C35D0324A5}.Release|Any CPU.Build.0 = Release|Any CPU
	EndGlobalSection
	GlobalSection(SolutionProperties) = preSolution
		HideSolutionNode = FALSE
	EndGlobalSection
	GlobalSection(ExtensibilityGlobals) = postSolution
		SolutionGuid = {E9DDB6FB-EE2C-443D-8DDB-CA61F46000A9}
	EndGlobalSection
EndGlobal
